// !$*UTF8*$!
{
	archiveVersion = 1;
	classes = {
	};
	objectVersion = 50;
	objects = {

/* Begin PBXBuildFile section */
		DDEE99BD27050C530040F3AE /* FrutizyApp.swift in Sources */ = {isa = PBXBuildFile; fileRef = DDEE99BC27050C530040F3AE /* FrutizyApp.swift */; };
		DDEE99C127050C550040F3AE /* Assets.xcassets in Resources */ = {isa = PBXBuildFile; fileRef = DDEE99C027050C550040F3AE /* Assets.xcassets */; };
		DDEE99C427050C550040F3AE /* Preview Assets.xcassets in Resources */ = {isa = PBXBuildFile; fileRef = DDEE99C327050C550040F3AE /* Preview Assets.xcassets */; };
		DDEE99CD27050CA90040F3AE /* OnBoardingView.swift in Sources */ = {isa = PBXBuildFile; fileRef = DDEE99CC27050CA90040F3AE /* OnBoardingView.swift */; };
		DDEE99D127050CC50040F3AE /* StartButtonView.swift in Sources */ = {isa = PBXBuildFile; fileRef = DDEE99CF27050CC50040F3AE /* StartButtonView.swift */; };
		DDEE99D227050CC50040F3AE /* FruitCardView.swift in Sources */ = {isa = PBXBuildFile; fileRef = DDEE99D027050CC50040F3AE /* FruitCardView.swift */; };
		DDEE99D527050CE10040F3AE /* FruitModel.swift in Sources */ = {isa = PBXBuildFile; fileRef = DDEE99D427050CE10040F3AE /* FruitModel.swift */; };
		DDEE99D827050CFD0040F3AE /* FruitData.swift in Sources */ = {isa = PBXBuildFile; fileRef = DDEE99D727050CFD0040F3AE /* FruitData.swift */; };
		DDEE99DA2705138B0040F3AE /* ContentView.swift in Sources */ = {isa = PBXBuildFile; fileRef = DDEE99D92705138B0040F3AE /* ContentView.swift */; };
		DDEE99DC270516300040F3AE /* FruitRowView.swift in Sources */ = {isa = PBXBuildFile; fileRef = DDEE99DB270516300040F3AE /* FruitRowView.swift */; };
/* End PBXBuildFile section */

/* Begin PBXFileReference section */
		DDEE99B927050C530040F3AE /* Frutizy.app */ = {isa = PBXFileReference; explicitFileType = wrapper.application; includeInIndex = 0; path = Frutizy.app; sourceTree = BUILT_PRODUCTS_DIR; };
		DDEE99BC27050C530040F3AE /* FrutizyApp.swift */ = {isa = PBXFileReference; lastKnownFileType = sourcecode.swift; path = FrutizyApp.swift; sourceTree = "<group>"; };
		DDEE99C027050C550040F3AE /* Assets.xcassets */ = {isa = PBXFileReference; lastKnownFileType = folder.assetcatalog; path = Assets.xcassets; sourceTree = "<group>"; };
		DDEE99C327050C550040F3AE /* Preview Assets.xcassets */ = {isa = PBXFileReference; lastKnownFileType = folder.assetcatalog; path = "Preview Assets.xcassets"; sourceTree = "<group>"; };
		DDEE99C527050C550040F3AE /* Info.plist */ = {isa = PBXFileReference; lastKnownFileType = text.plist.xml; path = Info.plist; sourceTree = "<group>"; };
		DDEE99CC27050CA90040F3AE /* OnBoardingView.swift */ = {isa = PBXFileReference; fileEncoding = 4; lastKnownFileType = sourcecode.swift; path = OnBoardingView.swift; sourceTree = "<group>"; };
		DDEE99CF27050CC50040F3AE /* StartButtonView.swift */ = {isa = PBXFileReference; fileEncoding = 4; lastKnownFileType = sourcecode.swift; path = StartButtonView.swift; sourceTree = "<group>"; };
		DDEE99D027050CC50040F3AE /* FruitCardView.swift */ = {isa = PBXFileReference; fileEncoding = 4; lastKnownFileType = sourcecode.swift; path = FruitCardView.swift; sourceTree = "<group>"; };
		DDEE99D427050CE10040F3AE /* FruitModel.swift */ = {isa = PBXFileReference; fileEncoding = 4; lastKnownFileType = sourcecode.swift; path = FruitModel.swift; sourceTree = "<group>"; };
		DDEE99D727050CFD0040F3AE /* FruitData.swift */ = {isa = PBXFileReference; fileEncoding = 4; lastKnownFileType = sourcecode.swift; path = FruitData.swift; sourceTree = "<group>"; };
		DDEE99D92705138B0040F3AE /* ContentView.swift */ = {isa = PBXFileReference; lastKnownFileType = sourcecode.swift; path = ContentView.swift; sourceTree = "<group>"; };
		DDEE99DB270516300040F3AE /* FruitRowView.swift */ = {isa = PBXFileReference; lastKnownFileType = sourcecode.swift; path = FruitRowView.swift; sourceTree = "<group>"; };
/* End PBXFileReference section */

/* Begin PBXFrameworksBuildPhase section */
		DDEE99B627050C530040F3AE /* Frameworks */ = {
			isa = PBXFrameworksBuildPhase;
			buildActionMask = 2147483647;
			files = (
			);
			runOnlyForDeploymentPostprocessing = 0;
		};
/* End PBXFrameworksBuildPhase section */

/* Begin PBXGroup section */
		DDEE99B027050C530040F3AE = {
			isa = PBXGroup;
			children = (
				DDEE99BB27050C530040F3AE /* Frutizy */,
				DDEE99BA27050C530040F3AE /* Products */,
			);
			sourceTree = "<group>";
		};
		DDEE99BA27050C530040F3AE /* Products */ = {
			isa = PBXGroup;
			children = (
				DDEE99B927050C530040F3AE /* Frutizy.app */,
			);
			name = Products;
			sourceTree = "<group>";
		};
		DDEE99BB27050C530040F3AE /* Frutizy */ = {
			isa = PBXGroup;
			children = (
				DDEE99D627050CF40040F3AE /* Data */,
				DDEE99D327050CCD0040F3AE /* Model */,
				DDEE99CE27050CB20040F3AE /* View */,
				DDEE99CB27050C7C0040F3AE /* App */,
				DDEE99C027050C550040F3AE /* Assets.xcassets */,
				DDEE99C527050C550040F3AE /* Info.plist */,
				DDEE99C227050C550040F3AE /* Preview Content */,
			);
			path = Frutizy;
			sourceTree = "<group>";
		};
		DDEE99C227050C550040F3AE /* Preview Content */ = {
			isa = PBXGroup;
			children = (
				DDEE99C327050C550040F3AE /* Preview Assets.xcassets */,
			);
			path = "Preview Content";
			sourceTree = "<group>";
		};
		DDEE99CB27050C7C0040F3AE /* App */ = {
			isa = PBXGroup;
			children = (
				DDEE99BC27050C530040F3AE /* FrutizyApp.swift */,
				DDEE99D92705138B0040F3AE /* ContentView.swift */,
				DDEE99CC27050CA90040F3AE /* OnBoardingView.swift */,
			);
			path = App;
			sourceTree = "<group>";
		};
		DDEE99CE27050CB20040F3AE /* View */ = {
			isa = PBXGroup;
			children = (
				DDEE99D027050CC50040F3AE /* FruitCardView.swift */,
				DDEE99CF27050CC50040F3AE /* StartButtonView.swift */,
				DDEE99DB270516300040F3AE /* FruitRowView.swift */,
			);
			path = View;
			sourceTree = "<group>";
		};
		DDEE99D327050CCD0040F3AE /* Model */ = {
			isa = PBXGroup;
			children = (
				DDEE99D427050CE10040F3AE /* FruitModel.swift */,
			);
			path = Model;
			sourceTree = "<group>";
		};
		DDEE99D627050CF40040F3AE /* Data */ = {
			isa = PBXGroup;
			children = (
				DDEE99D727050CFD0040F3AE /* FruitData.swift */,
			);
			path = Data;
			sourceTree = "<group>";
		};
/* End PBXGroup section */

/* Begin PBXNativeTarget section */
		DDEE99B827050C530040F3AE /* Frutizy */ = {
			isa = PBXNativeTarget;
			buildConfigurationList = DDEE99C827050C550040F3AE /* Build configuration list for PBXNativeTarget "Frutizy" */;
			buildPhases = (
				DDEE99B527050C530040F3AE /* Sources */,
				DDEE99B627050C530040F3AE /* Frameworks */,
				DDEE99B727050C530040F3AE /* Resources */,
			);
			buildRules = (
			);
			dependencies = (
			);
			name = Frutizy;
			productName = Frutizy;
			productReference = DDEE99B927050C530040F3AE /* Frutizy.app */;
			productType = "com.apple.product-type.application";
		};
/* End PBXNativeTarget section */

/* Begin PBXProject section */
		DDEE99B127050C530040F3AE /* Project object */ = {
			isa = PBXProject;
			attributes = {
				LastSwiftUpdateCheck = 1250;
				LastUpgradeCheck = 1250;
				TargetAttributes = {
					DDEE99B827050C530040F3AE = {
						CreatedOnToolsVersion = 12.5.1;
					};
				};
			};
			buildConfigurationList = DDEE99B427050C530040F3AE /* Build configuration list for PBXProject "Frutizy" */;
			compatibilityVersion = "Xcode 9.3";
			developmentRegion = en;
			hasScannedForEncodings = 0;
			knownRegions = (
				en,
				Base,
			);
			mainGroup = DDEE99B027050C530040F3AE;
			productRefGroup = DDEE99BA27050C530040F3AE /* Products */;
			projectDirPath = "";
			projectRoot = "";
			targets = (
				DDEE99B827050C530040F3AE /* Frutizy */,
			);
		};
/* End PBXProject section */

/* Begin PBXResourcesBuildPhase section */
		DDEE99B727050C530040F3AE /* Resources */ = {
			isa = PBXResourcesBuildPhase;
			buildActionMask = 2147483647;
			files = (
				DDEE99C427050C550040F3AE /* Preview Assets.xcassets in Resources */,
				DDEE99C127050C550040F3AE /* Assets.xcassets in Resources */,
			);
			runOnlyForDeploymentPostprocessing = 0;
		};
/* End PBXResourcesBuildPhase section */

/* Begin PBXSourcesBuildPhase section */
		DDEE99B527050C530040F3AE /* Sources */ = {
			isa = PBXSourcesBuildPhase;
			buildActionMask = 2147483647;
			files = (
				DDEE99D827050CFD0040F3AE /* FruitData.swift in Sources */,
				DDEE99CD27050CA90040F3AE /* OnBoardingView.swift in Sources */,
				DDEE99DC270516300040F3AE /* FruitRowView.swift in Sources */,
				DDEE99DA2705138B0040F3AE /* ContentView.swift in Sources */,
				DDEE99D127050CC50040F3AE /* StartButtonView.swift in Sources */,
				DDEE99D227050CC50040F3AE /* FruitCardView.swift in Sources */,
				DDEE99D527050CE10040F3AE /* FruitModel.swift in Sources */,
				DDEE99BD27050C530040F3AE /* FrutizyApp.swift in Sources */,
			);
			runOnlyForDeploymentPostprocessing = 0;
		};
/* End PBXSourcesBuildPhase section */

/* Begin XCBuildConfiguration section */
		DDEE99C627050C550040F3AE /* Debug */ = {
			isa = XCBuildConfiguration;
			buildSettings = {
				ALWAYS_SEARCH_USER_PATHS = NO;
				CLANG_ANALYZER_NONNULL = YES;
				CLANG_ANALYZER_NUMBER_OBJECT_CONVERSION = YES_AGGRESSIVE;
				CLANG_CXX_LANGUAGE_STANDARD = "gnu++14";
				CLANG_CXX_LIBRARY = "libc++";
				CLANG_ENABLE_MODULES = YES;
				CLANG_ENABLE_OBJC_ARC = YES;
				CLANG_ENABLE_OBJC_WEAK = YES;
				CLANG_WARN_BLOCK_CAPTURE_AUTORELEASING = YES;
				CLANG_WARN_BOOL_CONVERSION = YES;
				CLANG_WARN_COMMA = YES;
				CLANG_WARN_CONSTANT_CONVERSION = YES;
				CLANG_WARN_DEPRECATED_OBJC_IMPLEMENTATIONS = YES;
				CLANG_WARN_DIRECT_OBJC_ISA_USAGE = YES_ERROR;
				CLANG_WARN_DOCUMENTATION_COMMENTS = YES;
				CLANG_WARN_EMPTY_BODY = YES;
				CLANG_WARN_ENUM_CONVERSION = YES;
				CLANG_WARN_INFINITE_RECURSION = YES;
				CLANG_WARN_INT_CONVERSION = YES;
				CLANG_WARN_NON_LITERAL_NULL_CONVERSION = YES;
				CLANG_WARN_OBJC_IMPLICIT_RETAIN_SELF = YES;
				CLANG_WARN_OBJC_LITERAL_CONVERSION = YES;
				CLANG_WARN_OBJC_ROOT_CLASS = YES_ERROR;
				CLANG_WARN_QUOTED_INCLUDE_IN_FRAMEWORK_HEADER = YES;
				CLANG_WARN_RANGE_LOOP_ANALYSIS = YES;
				CLANG_WARN_STRICT_PROTOTYPES = YES;
				CLANG_WARN_SUSPICIOUS_MOVE = YES;
				CLANG_WARN_UNGUARDED_AVAILABILITY = YES_AGGRESSIVE;
				CLANG_WARN_UNREACHABLE_CODE = YES;
				CLANG_WARN__DUPLICATE_METHOD_MATCH = YES;
				COPY_PHASE_STRIP = NO;
				DEBUG_INFORMATION_FORMAT = dwarf;
				ENABLE_STRICT_OBJC_MSGSEND = YES;
				ENABLE_TESTABILITY = YES;
				GCC_C_LANGUAGE_STANDARD = gnu11;
				GCC_DYNAMIC_NO_PIC = NO;
				GCC_NO_COMMON_BLOCKS = YES;
				GCC_OPTIMIZATION_LEVEL = 0;
				GCC_PREPROCESSOR_DEFINITIONS = (
					"DEBUG=1",
					"$(inherited)",
				);
				GCC_WARN_64_TO_32_BIT_CONVERSION = YES;
				GCC_WARN_ABOUT_RETURN_TYPE = YES_ERROR;
				GCC_WARN_UNDECLARED_SELECTOR = YES;
				GCC_WARN_UNINITIALIZED_AUTOS = YES_AGGRESSIVE;
				GCC_WARN_UNUSED_FUNCTION = YES;
				GCC_WARN_UNUSED_VARIABLE = YES;
				IPHONEOS_DEPLOYMENT_TARGET = 14.5;
				MTL_ENABLE_DEBUG_INFO = INCLUDE_SOURCE;
				MTL_FAST_MATH = YES;
				ONLY_ACTIVE_ARCH = YES;
				SDKROOT = iphoneos;
				SWIFT_ACTIVE_COMPILATION_CONDITIONS = DEBUG;
				SWIFT_OPTIMIZATION_LEVEL = "-Onone";
			};
			name = Debug;
		};
		DDEE99C727050C550040F3AE /* Release */ = {
			isa = XCBuildConfiguration;
			buildSettings = {
				ALWAYS_SEARCH_USER_PATHS = NO;
				CLANG_ANALYZER_NONNULL = YES;
				CLANG_ANALYZER_NUMBER_OBJECT_CONVERSION = YES_AGGRESSIVE;
				CLANG_CXX_LANGUAGE_STANDARD = "gnu++14";
				CLANG_CXX_LIBRARY = "libc++";
				CLANG_ENABLE_MODULES = YES;
				CLANG_ENABLE_OBJC_ARC = YES;
				CLANG_ENABLE_OBJC_WEAK = YES;
				CLANG_WARN_BLOCK_CAPTURE_AUTORELEASING = YES;
				CLANG_WARN_BOOL_CONVERSION = YES;
				CLANG_WARN_COMMA = YES;
				CLANG_WARN_CONSTANT_CONVERSION = YES;
				CLANG_WARN_DEPRECATED_OBJC_IMPLEMENTATIONS = YES;
				CLANG_WARN_DIRECT_OBJC_ISA_USAGE = YES_ERROR;
				CLANG_WARN_DOCUMENTATION_COMMENTS = YES;
				CLANG_WARN_EMPTY_BODY = YES;
				CLANG_WARN_ENUM_CONVERSION = YES;
				CLANG_WARN_INFINITE_RECURSION = YES;
				CLANG_WARN_INT_CONVERSION = YES;
				CLANG_WARN_NON_LITERAL_NULL_CONVERSION = YES;
				CLANG_WARN_OBJC_IMPLICIT_RETAIN_SELF = YES;
				CLANG_WARN_OBJC_LITERAL_CONVERSION = YES;
				CLANG_WARN_OBJC_ROOT_CLASS = YES_ERROR;
				CLANG_WARN_QUOTED_INCLUDE_IN_FRAMEWORK_HEADER = YES;
				CLANG_WARN_RANGE_LOOP_ANALYSIS = YES;
				CLANG_WARN_STRICT_PROTOTYPES = YES;
				CLANG_WARN_SUSPICIOUS_MOVE = YES;
				CLANG_WARN_UNGUARDED_AVAILABILITY = YES_AGGRESSIVE;
				CLANG_WARN_UNREACHABLE_CODE = YES;
				CLANG_WARN__DUPLICATE_METHOD_MATCH = YES;
				COPY_PHASE_STRIP = NO;
				DEBUG_INFORMATION_FORMAT = "dwarf-with-dsym";
				ENABLE_NS_ASSERTIONS = NO;
				ENABLE_STRICT_OBJC_MSGSEND = YES;
				GCC_C_LANGUAGE_STANDARD = gnu11;
				GCC_NO_COMMON_BLOCKS = YES;
				GCC_WARN_64_TO_32_BIT_CONVERSION = YES;
				GCC_WARN_ABOUT_RETURN_TYPE = YES_ERROR;
				GCC_WARN_UNDECLARED_SELECTOR = YES;
				GCC_WARN_UNINITIALIZED_AUTOS = YES_AGGRESSIVE;
				GCC_WARN_UNUSED_FUNCTION = YES;
				GCC_WARN_UNUSED_VARIABLE = YES;
				IPHONEOS_DEPLOYMENT_TARGET = 14.5;
				MTL_ENABLE_DEBUG_INFO = NO;
				MTL_FAST_MATH = YES;
				SDKROOT = iphoneos;
				SWIFT_COMPILATION_MODE = wholemodule;
				SWIFT_OPTIMIZATION_LEVEL = "-O";
				VALIDATE_PRODUCT = YES;
			};
			name = Release;
		};
		DDEE99C927050C550040F3AE /* Debug */ = {
			isa = XCBuildConfiguration;
			buildSettings = {
				ASSETCATALOG_COMPILER_APPICON_NAME = AppIcon;
				ASSETCATALOG_COMPILER_GLOBAL_ACCENT_COLOR_NAME = AccentColor;
				CODE_SIGN_STYLE = Automatic;
				DEVELOPMENT_ASSET_PATHS = "\"Frutizy/Preview Content\"";
				DEVELOPMENT_TEAM = WJY9355V5F;
				ENABLE_PREVIEWS = YES;
				INFOPLIST_FILE = Frutizy/Info.plist;
				IPHONEOS_DEPLOYMENT_TARGET = 14.0;
				LD_RUNPATH_SEARCH_PATHS = (
					"$(inherited)",
					"@executable_path/Frameworks",
				);
				PRODUCT_BUNDLE_IDENTIFIER = com.AmrSaeed.Frutizy;
				PRODUCT_NAME = "$(TARGET_NAME)";
				SWIFT_VERSION = 5.0;
				TARGETED_DEVICE_FAMILY = "1,2";
			};
			name = Debug;
		};
		DDEE99CA27050C550040F3AE /* Release */ = {
			isa = XCBuildConfiguration;
			buildSettings = {
				ASSETCATALOG_COMPILER_APPICON_NAME = AppIcon;
				ASSETCATALOG_COMPILER_GLOBAL_ACCENT_COLOR_NAME = AccentColor;
				CODE_SIGN_STYLE = Automatic;
				DEVELOPMENT_ASSET_PATHS = "\"Frutizy/Preview Content\"";
				DEVELOPMENT_TEAM = WJY9355V5F;
				ENABLE_PREVIEWS = YES;
				INFOPLIST_FILE = Frutizy/Info.plist;
				IPHONEOS_DEPLOYMENT_TARGET = 14.0;
				LD_RUNPATH_SEARCH_PATHS = (
					"$(inherited)",
					"@executable_path/Frameworks",
				);
				PRODUCT_BUNDLE_IDENTIFIER = com.AmrSaeed.Frutizy;
				PRODUCT_NAME = "$(TARGET_NAME)";
				SWIFT_VERSION = 5.0;
				TARGETED_DEVICE_FAMILY = "1,2";
			};
			name = Release;
		};
/* End XCBuildConfiguration section */

/* Begin XCConfigurationList section */
		DDEE99B427050C530040F3AE /* Build configuration list for PBXProject "Frutizy" */ = {
			isa = XCConfigurationList;
			buildConfigurations = (
				DDEE99C627050C550040F3AE /* Debug */,
				DDEE99C727050C550040F3AE /* Release */,
			);
			defaultConfigurationIsVisible = 0;
			defaultConfigurationName = Release;
		};
		DDEE99C827050C550040F3AE /* Build configuration list for PBXNativeTarget "Frutizy" */ = {
			isa = XCConfigurationList;
			buildConfigurations = (
				DDEE99C927050C550040F3AE /* Debug */,
				DDEE99CA27050C550040F3AE /* Release */,
			);
			defaultConfigurationIsVisible = 0;
			defaultConfigurationName = Release;
		};
/* End XCConfigurationList section */
	};
	rootObject = DDEE99B127050C530040F3AE /* Project object */;
}
